
Microsoft Visual Studio Solution File, Format Version 12.00
# Visual Studio Version 16
VisualStudioVersion = 16.0.31105.61
MinimumVisualStudioVersion = 10.0.40219.1
Project("{FAE04EC0-301F-11D3-BF4B-00C04F79EFBC}") = "faz1", "faz1\faz1.csproj", "{B163AD83-5A7E-4DBF-ADAF-881D63673F85}"
EndProject
Global
	GlobalSection(SolutionConfigurationPlatforms) = preSolution
		Debug|Any CPU = Debug|Any CPU
		Release|Any CPU = Release|Any CPU
	EndGlobalSection
	GlobalSection(ProjectConfigurationPlatforms) = postSolution
		{B163AD83-5A7E-4DBF-ADAF-881D63673F85}.Debug|Any CPU.ActiveCfg = Debug|Any CPU
		{B163AD83-5A7E-4DBF-ADAF-881D63673F85}.Debug|Any CPU.Build.0 = Debug|Any CPU
		{B163AD83-5A7E-4DBF-ADAF-881D63673F85}.Release|Any CPU.ActiveCfg = Release|Any CPU
		{B163AD83-5A7E-4DBF-ADAF-881D63673F85}.Release|Any CPU.Build.0 = Release|Any CPU
	EndGlobalSection
	GlobalSection(SolutionProperties) = preSolution
		HideSolutionNode = FALSE
	EndGlobalSection
	GlobalSection(ExtensibilityGlobals) = postSolution
		SolutionGuid = {117F081A-9EAB-427E-BA69-3C713A1B17BE}
	EndGlobalSection
EndGlobal
